// !$*UTF8*$!
{
	archiveVersion = 1;
	classes = {
	};
	objectVersion = 46;
	objects = {

/* Begin PBXFileReference section */
		083BE8CA1C6301E700D1108E /* bst.c */ = {isa = PBXFileReference; fileEncoding = 4; lastKnownFileType = sourcecode.c.c; path = bst.c; sourceTree = "<group>"; };
		083BE8CB1C6301E700D1108E /* bst.h */ = {isa = PBXFileReference; fileEncoding = 4; lastKnownFileType = sourcecode.c.h; path = bst.h; sourceTree = "<group>"; };
		083BE8CC1C6301E700D1108E /* bst.o */ = {isa = PBXFileReference; lastKnownFileType = "compiled.mach-o.objfile"; path = bst.o; sourceTree = "<group>"; };
		083BE8CD1C6301E700D1108E /* compare.c */ = {isa = PBXFileReference; fileEncoding = 4; lastKnownFileType = sourcecode.c.c; path = compare.c; sourceTree = "<group>"; };
		083BE8CE1C6301E700D1108E /* compare.o */ = {isa = PBXFileReference; lastKnownFileType = "compiled.mach-o.objfile"; path = compare.o; sourceTree = "<group>"; };
		083BE8D01C6301E700D1108E /* main.c */ = {isa = PBXFileReference; fileEncoding = 4; lastKnownFileType = sourcecode.c.c; path = main.c; sourceTree = "<group>"; };
		083BE8D11C6301E700D1108E /* makefile */ = {isa = PBXFileReference; fileEncoding = 4; lastKnownFileType = sourcecode.make; path = makefile; sourceTree = "<group>"; };
		083BE8D21C6301E700D1108E /* prog */ = {isa = PBXFileReference; lastKnownFileType = "compiled.mach-o.executable"; path = prog; sourceTree = "<group>"; };
		083BE8D51C6301E700D1108E /* structs.h */ = {isa = PBXFileReference; fileEncoding = 4; lastKnownFileType = sourcecode.c.h; path = structs.h; sourceTree = "<group>"; };
/* End PBXFileReference section */

/* Begin PBXGroup section */
		083BE8BB1C62FF7A00D1108E = {
			isa = PBXGroup;
			children = (
				083BE8CA1C6301E700D1108E /* bst.c */,
				083BE8CB1C6301E700D1108E /* bst.h */,
				083BE8CC1C6301E700D1108E /* bst.o */,
				083BE8CD1C6301E700D1108E /* compare.c */,
				083BE8CE1C6301E700D1108E /* compare.o */,
				083BE8D01C6301E700D1108E /* main.c */,
				083BE8D11C6301E700D1108E /* makefile */,
				083BE8D21C6301E700D1108E /* prog */,
				083BE8D51C6301E700D1108E /* structs.h */,
			);
			sourceTree = "<group>";
		};
/* End PBXGroup section */

/* Begin PBXLegacyTarget section */
		083BE8C01C62FF7A00D1108E /* wk4-Binary-Search-Tree */ = {
			isa = PBXLegacyTarget;
			buildArgumentsString = "$(ACTION)";
			buildConfigurationList = 083BE8C31C62FF7A00D1108E /* Build configuration list for PBXLegacyTarget "wk4-Binary-Search-Tree" */;
			buildPhases = (
			);
			buildToolPath = /usr/bin/make;
			buildWorkingDirectory = "/Users/tsus/Documents/cs261-data-structures/wk4-Binary-Search-Tree";
			dependencies = (
			);
			name = "wk4-Binary-Search-Tree";
			passBuildSettingsInEnvironment = 1;
			productName = "wk4-Binary-Search-Tree";
		};
/* End PBXLegacyTarget section */

/* Begin PBXProject section */
		083BE8BC1C62FF7A00D1108E /* Project object */ = {
			isa = PBXProject;
			attributes = {
				LastUpgradeCheck = 0720;
				ORGANIZATIONNAME = "Tyler Sustare";
				TargetAttributes = {
					083BE8C01C62FF7A00D1108E = {
						CreatedOnToolsVersion = 7.2;
					};
				};
			};
			buildConfigurationList = 083BE8BF1C62FF7A00D1108E /* Build configuration list for PBXProject "wk4-Binary-Search-Tree" */;
			compatibilityVersion = "Xcode 3.2";
			developmentRegion = English;
			hasScannedForEncodings = 0;
			knownRegions = (
				en,
			);
			mainGroup = 083BE8BB1C62FF7A00D1108E;
			projectDirPath = "";
			projectRoot = "";
			targets = (
				083BE8C01C62FF7A00D1108E /* wk4-Binary-Search-Tree */,
			);
		};
/* End PBXProject section */

/* Begin XCBuildConfiguration section */
		083BE8C11C62FF7A00D1108E /* Debug */ = {
			isa = XCBuildConfiguration;
			buildSettings = {
				ALWAYS_SEARCH_USER_PATHS = NO;
				CLANG_CXX_LANGUAGE_STANDARD = "gnu++0x";
				CLANG_CXX_LIBRARY = "libc++";
				CLANG_ENABLE_MODULES = YES;
				CLANG_ENABLE_OBJC_ARC = YES;
				CLANG_WARN_BOOL_CONVERSION = YES;
				CLANG_WARN_CONSTANT_CONVERSION = YES;
				CLANG_WARN_DIRECT_OBJC_ISA_USAGE = YES_ERROR;
				CLANG_WARN_EMPTY_BODY = YES;
				CLANG_WARN_ENUM_CONVERSION = YES;
				CLANG_WARN_INT_CONVERSION = YES;
				CLANG_WARN_OBJC_ROOT_CLASS = YES_ERROR;
				CLANG_WARN_UNREACHABLE_CODE = YES;
				CLANG_WARN__DUPLICATE_METHOD_MATCH = YES;
				COPY_PHASE_STRIP = NO;
				DEBUG_INFORMATION_FORMAT = dwarf;
				ENABLE_STRICT_OBJC_MSGSEND = YES;
				ENABLE_TESTABILITY = YES;
				GCC_C_LANGUAGE_STANDARD = gnu99;
				GCC_DYNAMIC_NO_PIC = NO;
				GCC_NO_COMMON_BLOCKS = YES;
				GCC_OPTIMIZATION_LEVEL = 0;
				GCC_PREPROCESSOR_DEFINITIONS = (
					"DEBUG=1",
					"$(inherited)",
				);
				GCC_WARN_64_TO_32_BIT_CONVERSION = YES;
				GCC_WARN_ABOUT_RETURN_TYPE = YES_ERROR;
				GCC_WARN_UNDECLARED_SELECTOR = YES;
				GCC_WARN_UNINITIALIZED_AUTOS = YES_AGGRESSIVE;
				GCC_WARN_UNUSED_FUNCTION = YES;
				GCC_WARN_UNUSED_VARIABLE = YES;
				MTL_ENABLE_DEBUG_INFO = YES;
				ONLY_ACTIVE_ARCH = YES;
			};
			name = Debug;
		};
		083BE8C21C62FF7A00D1108E /* Release */ = {
			isa = XCBuildConfiguration;
			buildSettings = {
				ALWAYS_SEARCH_USER_PATHS = NO;
				CLANG_CXX_LANGUAGE_STANDARD = "gnu++0x";
				CLANG_CXX_LIBRARY = "libc++";
				CLANG_ENABLE_MODULES = YES;
				CLANG_ENABLE_OBJC_ARC = YES;
				CLANG_WARN_BOOL_CONVERSION = YES;
				CLANG_WARN_CONSTANT_CONVERSION = YES;
				CLANG_WARN_DIRECT_OBJC_ISA_USAGE = YES_ERROR;
				CLANG_WARN_EMPTY_BODY = YES;
				CLANG_WARN_ENUM_CONVERSION = YES;
				CLANG_WARN_INT_CONVERSION = YES;
				CLANG_WARN_OBJC_ROOT_CLASS = YES_ERROR;
				CLANG_WARN_UNREACHABLE_CODE = YES;
				CLANG_WARN__DUPLICATE_METHOD_MATCH = YES;
				COPY_PHASE_STRIP = NO;
				DEBUG_INFORMATION_FORMAT = "dwarf-with-dsym";
				ENABLE_NS_ASSERTIONS = NO;
				ENABLE_STRICT_OBJC_MSGSEND = YES;
				GCC_C_LANGUAGE_STANDARD = gnu99;
				GCC_NO_COMMON_BLOCKS = YES;
				GCC_WARN_64_TO_32_BIT_CONVERSION = YES;
				GCC_WARN_ABOUT_RETURN_TYPE = YES_ERROR;
				GCC_WARN_UNDECLARED_SELECTOR = YES;
				GCC_WARN_UNINITIALIZED_AUTOS = YES_AGGRESSIVE;
				GCC_WARN_UNUSED_FUNCTION = YES;
				GCC_WARN_UNUSED_VARIABLE = YES;
				MTL_ENABLE_DEBUG_INFO = NO;
			};
			name = Release;
		};
		083BE8C41C62FF7A00D1108E /* Debug */ = {
			isa = XCBuildConfiguration;
			buildSettings = {
				DEBUGGING_SYMBOLS = YES;
				DEBUG_INFORMATION_FORMAT = dwarf;
				GCC_GENERATE_DEBUGGING_SYMBOLS = YES;
				GCC_OPTIMIZATION_LEVEL = 0;
				OTHER_CFLAGS = "";
				OTHER_LDFLAGS = "";
				PRODUCT_NAME = "$(TARGET_NAME)";
			};
			name = Debug;
		};
		083BE8C51C62FF7A00D1108E /* Release */ = {
			isa = XCBuildConfiguration;
			buildSettings = {
				DEBUG_INFORMATION_FORMAT = "dwarf-with-dsym";
				OTHER_CFLAGS = "";
				OTHER_LDFLAGS = "";
				PRODUCT_NAME = "$(TARGET_NAME)";
			};
			name = Release;
		};
/* End XCBuildConfiguration section */

/* Begin XCConfigurationList section */
		083BE8BF1C62FF7A00D1108E /* Build configuration list for PBXProject "wk4-Binary-Search-Tree" */ = {
			isa = XCConfigurationList;
			buildConfigurations = (
				083BE8C11C62FF7A00D1108E /* Debug */,
				083BE8C21C62FF7A00D1108E /* Release */,
			);
			defaultConfigurationIsVisible = 0;
			defaultConfigurationName = Release;
		};
		083BE8C31C62FF7A00D1108E /* Build configuration list for PBXLegacyTarget "wk4-Binary-Search-Tree" */ = {
			isa = XCConfigurationList;
			buildConfigurations = (
				083BE8C41C62FF7A00D1108E /* Debug */,
				083BE8C51C62FF7A00D1108E /* Release */,
			);
			defaultConfigurationIsVisible = 0;
			defaultConfigurationName = Release;
		};
/* End XCConfigurationList section */
	};
	rootObject = 083BE8BC1C62FF7A00D1108E /* Project object */;
}
