// !$*UTF8*$!
{
	archiveVersion = 1;
	classes = {
	};
	objectVersion = 46;
	objects = {

/* Begin PBXBuildFile section */
		D004473D1B2758990074AF03 /* main.cpp in Sources */ = {isa = PBXBuildFile; fileRef = D004473C1B2758990074AF03 /* main.cpp */; };
		D00447451B275AEE0074AF03 /* Triangle.cpp in Sources */ = {isa = PBXBuildFile; fileRef = D00447441B275AEE0074AF03 /* Triangle.cpp */; };
		D00447481B275CA00074AF03 /* Isosceles.cpp in Sources */ = {isa = PBXBuildFile; fileRef = D00447461B275CA00074AF03 /* Isosceles.cpp */; };
/* End PBXBuildFile section */

/* Begin PBXCopyFilesBuildPhase section */
		D00447371B2758990074AF03 /* CopyFiles */ = {
			isa = PBXCopyFilesBuildPhase;
			buildActionMask = 2147483647;
			dstPath = /usr/share/man/man1/;
			dstSubfolderSpec = 0;
			files = (
			);
			runOnlyForDeploymentPostprocessing = 1;
		};
/* End PBXCopyFilesBuildPhase section */

/* Begin PBXFileReference section */
		D00447391B2758990074AF03 /* Inheritance Example */ = {isa = PBXFileReference; explicitFileType = "compiled.mach-o.executable"; includeInIndex = 0; path = "Inheritance Example"; sourceTree = BUILT_PRODUCTS_DIR; };
		D004473C1B2758990074AF03 /* main.cpp */ = {isa = PBXFileReference; lastKnownFileType = sourcecode.cpp.cpp; path = main.cpp; sourceTree = "<group>"; };
		D00447431B275A030074AF03 /* Triangle.h */ = {isa = PBXFileReference; lastKnownFileType = sourcecode.c.h; path = Triangle.h; sourceTree = "<group>"; };
		D00447441B275AEE0074AF03 /* Triangle.cpp */ = {isa = PBXFileReference; fileEncoding = 4; lastKnownFileType = sourcecode.cpp.cpp; path = Triangle.cpp; sourceTree = "<group>"; };
		D00447461B275CA00074AF03 /* Isosceles.cpp */ = {isa = PBXFileReference; fileEncoding = 4; lastKnownFileType = sourcecode.cpp.cpp; path = Isosceles.cpp; sourceTree = "<group>"; };
		D00447471B275CA00074AF03 /* Isosceles.h */ = {isa = PBXFileReference; fileEncoding = 4; lastKnownFileType = sourcecode.c.h; path = Isosceles.h; sourceTree = "<group>"; };
/* End PBXFileReference section */

/* Begin PBXFrameworksBuildPhase section */
		D00447361B2758990074AF03 /* Frameworks */ = {
			isa = PBXFrameworksBuildPhase;
			buildActionMask = 2147483647;
			files = (
			);
			runOnlyForDeploymentPostprocessing = 0;
		};
/* End PBXFrameworksBuildPhase section */

/* Begin PBXGroup section */
		D00447301B2758990074AF03 = {
			isa = PBXGroup;
			children = (
				D004473B1B2758990074AF03 /* Inheritance Example */,
				D004473A1B2758990074AF03 /* Products */,
			);
			sourceTree = "<group>";
		};
		D004473A1B2758990074AF03 /* Products */ = {
			isa = PBXGroup;
			children = (
				D00447391B2758990074AF03 /* Inheritance Example */,
			);
			name = Products;
			sourceTree = "<group>";
		};
		D004473B1B2758990074AF03 /* Inheritance Example */ = {
			isa = PBXGroup;
			children = (
				D004473C1B2758990074AF03 /* main.cpp */,
				D00447431B275A030074AF03 /* Triangle.h */,
				D00447441B275AEE0074AF03 /* Triangle.cpp */,
				D00447461B275CA00074AF03 /* Isosceles.cpp */,
				D00447471B275CA00074AF03 /* Isosceles.h */,
			);
			path = "Inheritance Example";
			sourceTree = "<group>";
		};
/* End PBXGroup section */

/* Begin PBXNativeTarget section */
		D00447381B2758990074AF03 /* Inheritance Example */ = {
			isa = PBXNativeTarget;
			buildConfigurationList = D00447401B2758990074AF03 /* Build configuration list for PBXNativeTarget "Inheritance Example" */;
			buildPhases = (
				D00447351B2758990074AF03 /* Sources */,
				D00447361B2758990074AF03 /* Frameworks */,
				D00447371B2758990074AF03 /* CopyFiles */,
			);
			buildRules = (
			);
			dependencies = (
			);
			name = "Inheritance Example";
			productName = "Inheritance Example";
			productReference = D00447391B2758990074AF03 /* Inheritance Example */;
			productType = "com.apple.product-type.tool";
		};
/* End PBXNativeTarget section */

/* Begin PBXProject section */
		D00447311B2758990074AF03 /* Project object */ = {
			isa = PBXProject;
			attributes = {
				LastUpgradeCheck = 0630;
				ORGANIZATIONNAME = "MacBook Air";
				TargetAttributes = {
					D00447381B2758990074AF03 = {
						CreatedOnToolsVersion = 6.3.2;
					};
				};
			};
			buildConfigurationList = D00447341B2758990074AF03 /* Build configuration list for PBXProject "Inheritance Example" */;
			compatibilityVersion = "Xcode 3.2";
			developmentRegion = English;
			hasScannedForEncodings = 0;
			knownRegions = (
				en,
			);
			mainGroup = D00447301B2758990074AF03;
			productRefGroup = D004473A1B2758990074AF03 /* Products */;
			projectDirPath = "";
			projectRoot = "";
			targets = (
				D00447381B2758990074AF03 /* Inheritance Example */,
			);
		};
/* End PBXProject section */

/* Begin PBXSourcesBuildPhase section */
		D00447351B2758990074AF03 /* Sources */ = {
			isa = PBXSourcesBuildPhase;
			buildActionMask = 2147483647;
			files = (
				D004473D1B2758990074AF03 /* main.cpp in Sources */,
				D00447451B275AEE0074AF03 /* Triangle.cpp in Sources */,
				D00447481B275CA00074AF03 /* Isosceles.cpp in Sources */,
			);
			runOnlyForDeploymentPostprocessing = 0;
		};
/* End PBXSourcesBuildPhase section */

/* Begin XCBuildConfiguration section */
		D004473E1B2758990074AF03 /* Debug */ = {
			isa = XCBuildConfiguration;
			buildSettings = {
				ALWAYS_SEARCH_USER_PATHS = NO;
				CLANG_CXX_LANGUAGE_STANDARD = "gnu++0x";
				CLANG_CXX_LIBRARY = "libc++";
				CLANG_ENABLE_MODULES = YES;
				CLANG_ENABLE_OBJC_ARC = YES;
				CLANG_WARN_BOOL_CONVERSION = YES;
				CLANG_WARN_CONSTANT_CONVERSION = YES;
				CLANG_WARN_DIRECT_OBJC_ISA_USAGE = YES_ERROR;
				CLANG_WARN_EMPTY_BODY = YES;
				CLANG_WARN_ENUM_CONVERSION = YES;
				CLANG_WARN_INT_CONVERSION = YES;
				CLANG_WARN_OBJC_ROOT_CLASS = YES_ERROR;
				CLANG_WARN_UNREACHABLE_CODE = YES;
				CLANG_WARN__DUPLICATE_METHOD_MATCH = YES;
				COPY_PHASE_STRIP = NO;
				DEBUG_INFORMATION_FORMAT = dwarf;
				ENABLE_STRICT_OBJC_MSGSEND = YES;
				GCC_C_LANGUAGE_STANDARD = gnu99;
				GCC_DYNAMIC_NO_PIC = NO;
				GCC_NO_COMMON_BLOCKS = YES;
				GCC_OPTIMIZATION_LEVEL = 0;
				GCC_PREPROCESSOR_DEFINITIONS = (
					"DEBUG=1",
					"$(inherited)",
				);
				GCC_SYMBOLS_PRIVATE_EXTERN = NO;
				GCC_WARN_64_TO_32_BIT_CONVERSION = YES;
				GCC_WARN_ABOUT_RETURN_TYPE = YES_ERROR;
				GCC_WARN_UNDECLARED_SELECTOR = YES;
				GCC_WARN_UNINITIALIZED_AUTOS = YES_AGGRESSIVE;
				GCC_WARN_UNUSED_FUNCTION = YES;
				GCC_WARN_UNUSED_VARIABLE = YES;
				MACOSX_DEPLOYMENT_TARGET = 10.10;
				MTL_ENABLE_DEBUG_INFO = YES;
				ONLY_ACTIVE_ARCH = YES;
				SDKROOT = macosx;
			};
			name = Debug;
		};
		D004473F1B2758990074AF03 /* Release */ = {
			isa = XCBuildConfiguration;
			buildSettings = {
				ALWAYS_SEARCH_USER_PATHS = NO;
				CLANG_CXX_LANGUAGE_STANDARD = "gnu++0x";
				CLANG_CXX_LIBRARY = "libc++";
				CLANG_ENABLE_MODULES = YES;
				CLANG_ENABLE_OBJC_ARC = YES;
				CLANG_WARN_BOOL_CONVERSION = YES;
				CLANG_WARN_CONSTANT_CONVERSION = YES;
				CLANG_WARN_DIRECT_OBJC_ISA_USAGE = YES_ERROR;
				CLANG_WARN_EMPTY_BODY = YES;
				CLANG_WARN_ENUM_CONVERSION = YES;
				CLANG_WARN_INT_CONVERSION = YES;
				CLANG_WARN_OBJC_ROOT_CLASS = YES_ERROR;
				CLANG_WARN_UNREACHABLE_CODE = YES;
				CLANG_WARN__DUPLICATE_METHOD_MATCH = YES;
				COPY_PHASE_STRIP = NO;
				DEBUG_INFORMATION_FORMAT = "dwarf-with-dsym";
				ENABLE_NS_ASSERTIONS = NO;
				ENABLE_STRICT_OBJC_MSGSEND = YES;
				GCC_C_LANGUAGE_STANDARD = gnu99;
				GCC_NO_COMMON_BLOCKS = YES;
				GCC_WARN_64_TO_32_BIT_CONVERSION = YES;
				GCC_WARN_ABOUT_RETURN_TYPE = YES_ERROR;
				GCC_WARN_UNDECLARED_SELECTOR = YES;
				GCC_WARN_UNINITIALIZED_AUTOS = YES_AGGRESSIVE;
				GCC_WARN_UNUSED_FUNCTION = YES;
				GCC_WARN_UNUSED_VARIABLE = YES;
				MACOSX_DEPLOYMENT_TARGET = 10.10;
				MTL_ENABLE_DEBUG_INFO = NO;
				SDKROOT = macosx;
			};
			name = Release;
		};
		D00447411B2758990074AF03 /* Debug */ = {
			isa = XCBuildConfiguration;
			buildSettings = {
				PRODUCT_NAME = "$(TARGET_NAME)";
			};
			name = Debug;
		};
		D00447421B2758990074AF03 /* Release */ = {
			isa = XCBuildConfiguration;
			buildSettings = {
				PRODUCT_NAME = "$(TARGET_NAME)";
			};
			name = Release;
		};
/* End XCBuildConfiguration section */

/* Begin XCConfigurationList section */
		D00447341B2758990074AF03 /* Build configuration list for PBXProject "Inheritance Example" */ = {
			isa = XCConfigurationList;
			buildConfigurations = (
				D004473E1B2758990074AF03 /* Debug */,
				D004473F1B2758990074AF03 /* Release */,
			);
			defaultConfigurationIsVisible = 0;
			defaultConfigurationName = Release;
		};
		D00447401B2758990074AF03 /* Build configuration list for PBXNativeTarget "Inheritance Example" */ = {
			isa = XCConfigurationList;
			buildConfigurations = (
				D00447411B2758990074AF03 /* Debug */,
				D00447421B2758990074AF03 /* Release */,
			);
			defaultConfigurationIsVisible = 0;
		};
/* End XCConfigurationList section */
	};
	rootObject = D00447311B2758990074AF03 /* Project object */;
}
